
Microsoft Visual Studio Solution File, Format Version 11.00
# Visual Studio 2010
Project("{8BC9CEB8-8B4A-11D0-8D11-00A0C91BC942}") = "PoseurSpriteTypesImporter", "PoseurSpriteTypesImporter\PoseurSpriteTypesImporter.vcxproj", "{74C562FC-AC7F-4895-BC9A-5409E63CD03F}"
	ProjectSection(ProjectDependencies) = postProject
		{0368864D-6F5F-4B71-9422-843096A3650F} = {0368864D-6F5F-4B71-9422-843096A3650F}
		{B220E36A-F36E-426E-8D3F-126405322EAF} = {B220E36A-F36E-426E-8D3F-126405322EAF}
		{8B0BA4E5-C832-44D8-9478-859E709A03F5} = {8B0BA4E5-C832-44D8-9478-859E709A03F5}
	EndProjectSection
EndProject
Project("{8BC9CEB8-8B4A-11D0-8D11-00A0C91BC942}") = "SimpleSideScrollerFramework", "SimpleSideScrollerFramework\SimpleSideScrollerFramework.vcxproj", "{0368864D-6F5F-4B71-9422-843096A3650F}"
EndProject
Project("{8BC9CEB8-8B4A-11D0-8D11-00A0C91BC942}") = "tinyxml", "tinyxml\tinyxml.vcxproj", "{8B0BA4E5-C832-44D8-9478-859E709A03F5}"
EndProject
Project("{8BC9CEB8-8B4A-11D0-8D11-00A0C91BC942}") = "TMXMapImporter", "TMXMapImporter\TMXMapImporter.vcxproj", "{68E2CAAC-0A49-45A4-9223-EADF4F2844F9}"
	ProjectSection(ProjectDependencies) = postProject
		{0368864D-6F5F-4B71-9422-843096A3650F} = {0368864D-6F5F-4B71-9422-843096A3650F}
		{B220E36A-F36E-426E-8D3F-126405322EAF} = {B220E36A-F36E-426E-8D3F-126405322EAF}
		{8B0BA4E5-C832-44D8-9478-859E709A03F5} = {8B0BA4E5-C832-44D8-9478-859E709A03F5}
	EndProjectSection
EndProject
Project("{8BC9CEB8-8B4A-11D0-8D11-00A0C91BC942}") = "Walkabout", "Walkabout\Walkabout.vcxproj", "{397FDE6F-8BC0-4F61-BF80-8822DA625BE5}"
	ProjectSection(ProjectDependencies) = postProject
		{AFCBE206-93CD-4F56-9579-C2ED194064F7} = {AFCBE206-93CD-4F56-9579-C2ED194064F7}
		{98400D17-43A5-1A40-95BE-C53AC78E7694} = {98400D17-43A5-1A40-95BE-C53AC78E7694}
		{0368864D-6F5F-4B71-9422-843096A3650F} = {0368864D-6F5F-4B71-9422-843096A3650F}
		{B220E36A-F36E-426E-8D3F-126405322EAF} = {B220E36A-F36E-426E-8D3F-126405322EAF}
		{68E2CAAC-0A49-45A4-9223-EADF4F2844F9} = {68E2CAAC-0A49-45A4-9223-EADF4F2844F9}
		{8B0BA4E5-C832-44D8-9478-859E709A03F5} = {8B0BA4E5-C832-44D8-9478-859E709A03F5}
		{74C562FC-AC7F-4895-BC9A-5409E63CD03F} = {74C562FC-AC7F-4895-BC9A-5409E63CD03F}
	EndProjectSection
EndProject
Project("{8BC9CEB8-8B4A-11D0-8D11-00A0C91BC942}") = "XMLFileImporter", "XMLFileImporter\XMLFileImporter.vcxproj", "{B220E36A-F36E-426E-8D3F-126405322EAF}"
	ProjectSection(ProjectDependencies) = postProject
		{8B0BA4E5-C832-44D8-9478-859E709A03F5} = {8B0BA4E5-C832-44D8-9478-859E709A03F5}
	EndProjectSection
EndProject
Project("{8BC9CEB8-8B4A-11D0-8D11-00A0C91BC942}") = "Box2D", "Box2D\Build\vs2010\Box2D.vcxproj", "{98400D17-43A5-1A40-95BE-C53AC78E7694}"
EndProject
Project("{8BC9CEB8-8B4A-11D0-8D11-00A0C91BC942}") = "LuaPlusFramework", "LuaPlusFramework\LuaPlusFramework.vcxproj", "{AFCBE206-93CD-4F56-9579-C2ED194064F7}"
EndProject
Global
	GlobalSection(SolutionConfigurationPlatforms) = preSolution
		Debug|Win32 = Debug|Win32
		Debug|x64 = Debug|x64
		Release|Win32 = Release|Win32
		Release|x64 = Release|x64
	EndGlobalSection
	GlobalSection(ProjectConfigurationPlatforms) = postSolution
		{74C562FC-AC7F-4895-BC9A-5409E63CD03F}.Debug|Win32.ActiveCfg = Debug|Win32
		{74C562FC-AC7F-4895-BC9A-5409E63CD03F}.Debug|Win32.Build.0 = Debug|Win32
		{74C562FC-AC7F-4895-BC9A-5409E63CD03F}.Debug|x64.ActiveCfg = Debug|Win32
		{74C562FC-AC7F-4895-BC9A-5409E63CD03F}.Release|Win32.ActiveCfg = Release|Win32
		{74C562FC-AC7F-4895-BC9A-5409E63CD03F}.Release|Win32.Build.0 = Release|Win32
		{74C562FC-AC7F-4895-BC9A-5409E63CD03F}.Release|x64.ActiveCfg = Release|Win32
		{0368864D-6F5F-4B71-9422-843096A3650F}.Debug|Win32.ActiveCfg = Debug|Win32
		{0368864D-6F5F-4B71-9422-843096A3650F}.Debug|Win32.Build.0 = Debug|Win32
		{0368864D-6F5F-4B71-9422-843096A3650F}.Debug|x64.ActiveCfg = Debug|Win32
		{0368864D-6F5F-4B71-9422-843096A3650F}.Release|Win32.ActiveCfg = Release|Win32
		{0368864D-6F5F-4B71-9422-843096A3650F}.Release|Win32.Build.0 = Release|Win32
		{0368864D-6F5F-4B71-9422-843096A3650F}.Release|x64.ActiveCfg = Release|Win32
		{8B0BA4E5-C832-44D8-9478-859E709A03F5}.Debug|Win32.ActiveCfg = Debug|Win32
		{8B0BA4E5-C832-44D8-9478-859E709A03F5}.Debug|Win32.Build.0 = Debug|Win32
		{8B0BA4E5-C832-44D8-9478-859E709A03F5}.Debug|x64.ActiveCfg = Debug|Win32
		{8B0BA4E5-C832-44D8-9478-859E709A03F5}.Release|Win32.ActiveCfg = Release|Win32
		{8B0BA4E5-C832-44D8-9478-859E709A03F5}.Release|Win32.Build.0 = Release|Win32
		{8B0BA4E5-C832-44D8-9478-859E709A03F5}.Release|x64.ActiveCfg = Release|Win32
		{68E2CAAC-0A49-45A4-9223-EADF4F2844F9}.Debug|Win32.ActiveCfg = Debug|Win32
		{68E2CAAC-0A49-45A4-9223-EADF4F2844F9}.Debug|Win32.Build.0 = Debug|Win32
		{68E2CAAC-0A49-45A4-9223-EADF4F2844F9}.Debug|x64.ActiveCfg = Debug|Win32
		{68E2CAAC-0A49-45A4-9223-EADF4F2844F9}.Release|Win32.ActiveCfg = Release|Win32
		{68E2CAAC-0A49-45A4-9223-EADF4F2844F9}.Release|Win32.Build.0 = Release|Win32
		{68E2CAAC-0A49-45A4-9223-EADF4F2844F9}.Release|x64.ActiveCfg = Release|Win32
		{397FDE6F-8BC0-4F61-BF80-8822DA625BE5}.Debug|Win32.ActiveCfg = Debug|Win32
		{397FDE6F-8BC0-4F61-BF80-8822DA625BE5}.Debug|Win32.Build.0 = Debug|Win32
		{397FDE6F-8BC0-4F61-BF80-8822DA625BE5}.Debug|x64.ActiveCfg = Debug|Win32
		{397FDE6F-8BC0-4F61-BF80-8822DA625BE5}.Release|Win32.ActiveCfg = Release|Win32
		{397FDE6F-8BC0-4F61-BF80-8822DA625BE5}.Release|Win32.Build.0 = Release|Win32
		{397FDE6F-8BC0-4F61-BF80-8822DA625BE5}.Release|x64.ActiveCfg = Release|Win32
		{B220E36A-F36E-426E-8D3F-126405322EAF}.Debug|Win32.ActiveCfg = Debug|Win32
		{B220E36A-F36E-426E-8D3F-126405322EAF}.Debug|Win32.Build.0 = Debug|Win32
		{B220E36A-F36E-426E-8D3F-126405322EAF}.Debug|x64.ActiveCfg = Debug|Win32
		{B220E36A-F36E-426E-8D3F-126405322EAF}.Release|Win32.ActiveCfg = Release|Win32
		{B220E36A-F36E-426E-8D3F-126405322EAF}.Release|Win32.Build.0 = Release|Win32
		{B220E36A-F36E-426E-8D3F-126405322EAF}.Release|x64.ActiveCfg = Release|Win32
		{98400D17-43A5-1A40-95BE-C53AC78E7694}.Debug|Win32.ActiveCfg = Debug|Win32
		{98400D17-43A5-1A40-95BE-C53AC78E7694}.Debug|Win32.Build.0 = Debug|Win32
		{98400D17-43A5-1A40-95BE-C53AC78E7694}.Debug|x64.ActiveCfg = Debug|x64
		{98400D17-43A5-1A40-95BE-C53AC78E7694}.Debug|x64.Build.0 = Debug|x64
		{98400D17-43A5-1A40-95BE-C53AC78E7694}.Release|Win32.ActiveCfg = Release|Win32
		{98400D17-43A5-1A40-95BE-C53AC78E7694}.Release|Win32.Build.0 = Release|Win32
		{98400D17-43A5-1A40-95BE-C53AC78E7694}.Release|x64.ActiveCfg = Release|x64
		{98400D17-43A5-1A40-95BE-C53AC78E7694}.Release|x64.Build.0 = Release|x64
		{AFCBE206-93CD-4F56-9579-C2ED194064F7}.Debug|Win32.ActiveCfg = Debug|Win32
		{AFCBE206-93CD-4F56-9579-C2ED194064F7}.Debug|Win32.Build.0 = Debug|Win32
		{AFCBE206-93CD-4F56-9579-C2ED194064F7}.Debug|x64.ActiveCfg = Debug|Win32
		{AFCBE206-93CD-4F56-9579-C2ED194064F7}.Release|Win32.ActiveCfg = Release|Win32
		{AFCBE206-93CD-4F56-9579-C2ED194064F7}.Release|Win32.Build.0 = Release|Win32
		{AFCBE206-93CD-4F56-9579-C2ED194064F7}.Release|x64.ActiveCfg = Release|Win32
	EndGlobalSection
	GlobalSection(SolutionProperties) = preSolution
		HideSolutionNode = FALSE
	EndGlobalSection
EndGlobal
